{
  "version": 4,
  "terraform_version": "1.15.8",
  "serial": 5,
  "lineage": "20a12bb9-dcdc-51b8-d137-25579c5536b1",
  "outputs": {},
  "resources": [
    {
      "mode": "managed",
      "type": "lima_instance",
      "name": "dev",
      "provider": "provider[\"registry.terraform.io/guidoiaquinti/lima\"]",
      "instances": [
        {
          "index_key": 0,
          "schema_version": 0,
          "attributes": {
            "additional_disks": null,
            "arch": null,
            "config": null,
            "config_hash": "sha256:5059fbca8ec242eb08b673e9e7fd76225481c6bb58826a2898b5a24059b43b4f",
            "config_overrides": null,
            "cpus": 2,
            "dir": "/Users/zayed/.lima/node-01",
            "disk": null,
            "hostname": "lima-node-01",
            "instance_name": "node-01",
            "lima_version": "2.2.0",
            "memory": "512 mib",
            "mounts": null,
            "name": "node-01",
            "port_forwards": null,
            "protect": false,
            "provisions": null,
            "raw_status": "Running",
            "ssh_address": "127.0.0.1",
            "ssh_config": "/Users/zayed/.lima/node-01/ssh.config",
            "ssh_port": 65019,
            "ssh_user": "zayed",
            "start": true,
            "status": "running",
            "template": "template:ubuntu",
            "timeouts": null,
            "vm_type": null
          },
          "sensitive_attributes": [],
          "identity_schema_version": 0
        },
        {
          "index_key": 1,
          "schema_version": 0,
          "attributes": {
            "additional_disks": null,
            "arch": null,
            "config": null,
            "config_hash": "sha256:5059fbca8ec242eb08b673e9e7fd76225481c6bb58826a2898b5a24059b43b4f",
            "config_overrides": null,
            "cpus": 2,
            "dir": "/Users/zayed/.lima/node-02",
            "disk": null,
            "hostname": "lima-node-02",
            "instance_name": "node-02",
            "lima_version": "2.2.0",
            "memory": "512 mib",
            "mounts": null,
            "name": "node-02",
            "port_forwards": null,
            "protect": false,
            "provisions": null,
            "raw_status": "Running",
            "ssh_address": "127.0.0.1",
            "ssh_config": "/Users/zayed/.lima/node-02/ssh.config",
            "ssh_port": 64855,
            "ssh_user": "zayed",
            "start": true,
            "status": "running",
            "template": "template:ubuntu",
            "timeouts": null,
            "vm_type": null
          },
          "sensitive_attributes": [],
          "identity_schema_version": 0
        },
        {
          "index_key": 2,
          "schema_version": 0,
          "attributes": {
            "additional_disks": null,
            "arch": null,
            "config": null,
            "config_hash": "sha256:5059fbca8ec242eb08b673e9e7fd76225481c6bb58826a2898b5a24059b43b4f",
            "config_overrides": null,
            "cpus": 2,
            "dir": "/Users/zayed/.lima/node-03",
            "disk": null,
            "hostname": "lima-node-03",
            "instance_name": "node-03",
            "lima_version": "2.2.0",
            "memory": "512 mib",
            "mounts": null,
            "name": "node-03",
            "port_forwards": null,
            "protect": false,
            "provisions": null,
            "raw_status": "Running",
            "ssh_address": "127.0.0.1",
            "ssh_config": "/Users/zayed/.lima/node-03/ssh.config",
            "ssh_port": 65021,
            "ssh_user": "zayed",
            "start": true,
            "status": "running",
            "template": "template:ubuntu",
            "timeouts": null,
            "vm_type": null
          },
          "sensitive_attributes": [],
          "identity_schema_version": 0
        }
      ]
    }
  ],
  "check_results": null
}
