{
  "version": 4,
  "terraform_version": "1.15.8",
  "serial": 7,
  "lineage": "508a40bf-7678-aeb2-0b78-6ff0b9b6f818",
  "outputs": {},
  "resources": [
    {
      "mode": "managed",
      "type": "aws_vpc",
      "name": "main",
      "provider": "provider[\"registry.terraform.io/hashicorp/aws\"]",
      "instances": [
        {
          "schema_version": 1,
          "attributes": {
            "arn": "arn:aws:ec2:us-east-2:286387522682:vpc/vpc-0ca0fb73a5db60b5c",
            "assign_generated_ipv6_cidr_block": false,
            "cidr_block": "10.0.0.0/16",
            "default_network_acl_id": "acl-02ea71156addee652",
            "default_route_table_id": "rtb-091b534d93a2b3d3e",
            "default_security_group_id": "sg-0d7a2d0ab4c14521c",
            "dhcp_options_id": "dopt-021349507d513199a",
            "enable_dns_hostnames": false,
            "enable_dns_support": false,
            "enable_network_address_usage_metrics": false,
            "id": "vpc-0ca0fb73a5db60b5c",
            "instance_tenancy": "default",
            "ipv4_ipam_pool_id": null,
            "ipv4_netmask_length": null,
            "ipv6_association_id": "",
            "ipv6_cidr_block": "",
            "ipv6_cidr_block_network_border_group": "",
            "ipv6_ipam_pool_id": "",
            "ipv6_netmask_length": 0,
            "main_route_table_id": "rtb-091b534d93a2b3d3e",
            "owner_id": "286387522682",
            "region": "us-east-2",
            "tags": {
              "Name": "dev-main"
            },
            "tags_all": {
              "Name": "dev-main"
            }
          },
          "sensitive_attributes": [],
          "identity_schema_version": 0,
          "identity": {
            "account_id": "286387522682",
            "id": "vpc-0ca0fb73a5db60b5c",
            "region": "us-east-2"
          },
          "private": "eyJzY2hlbWFfdmVyc2lvbiI6IjEifQ=="
        }
      ]
    }
  ],
  "check_results": null
}
